
Microsoft Visual Studio Solution File, Format Version 12.00
# Visual Studio Version 17
VisualStudioVersion = 17.5.33414.496
MinimumVisualStudioVersion = 10.0.40219.1
Project("{FAE04EC0-301F-11D3-BF4B-00C04F79EFBC}") = "WEBAPIDAN", "WEBAPIDAN\WEBAPIDAN.csproj", "{F0A50541-A535-488A-9209-FB4256108A40}"
EndProject
Global
	GlobalSection(SolutionConfigurationPlatforms) = preSolution
		Debug|Any CPU = Debug|Any CPU
		Release|Any CPU = Release|Any CPU
	EndGlobalSection
	GlobalSection(ProjectConfigurationPlatforms) = postSolution
		{F0A50541-A535-488A-9209-FB4256108A40}.Debug|Any CPU.ActiveCfg = Debug|Any CPU
		{F0A50541-A535-488A-9209-FB4256108A40}.Debug|Any CPU.Build.0 = Debug|Any CPU
		{F0A50541-A535-488A-9209-FB4256108A40}.Release|Any CPU.ActiveCfg = Release|Any CPU
		{F0A50541-A535-488A-9209-FB4256108A40}.Release|Any CPU.Build.0 = Release|Any CPU
	EndGlobalSection
	GlobalSection(SolutionProperties) = preSolution
		HideSolutionNode = FALSE
	EndGlobalSection
	GlobalSection(ExtensibilityGlobals) = postSolution
		SolutionGuid = {8E3B26AF-3D7F-49BD-8BF0-2837AFCA639A}
	EndGlobalSection
EndGlobal
